
Microsoft Visual Studio Solution File, Format Version 12.00
# Visual Studio Version 17
VisualStudioVersion = 17.11.35312.102
MinimumVisualStudioVersion = 10.0.40219.1
Project("{9A19103F-16F7-4668-BE54-9A1E7A4F7556}") = "DataTransformer.Data", "DataTransformer.Data\DataTransformer.Data.csproj", "{25A5870D-79FC-4A48-8F2A-064E7ED62F04}"
EndProject
Project("{9A19103F-16F7-4668-BE54-9A1E7A4F7556}") = "DataTransformer.App", "DataTransformer.App\DataTransformer.App.csproj", "{FBE3EEB9-314B-42BD-B22C-2E7B10A5C0E1}"
EndProject
Project("{9A19103F-16F7-4668-BE54-9A1E7A4F7556}") = "DataTransformer.Contracts", "DataTransformer.Contracts\DataTransformer.Contracts.csproj", "{8C199F85-0865-4B96-9C80-BE60456B791E}"
EndProject
Project("{9A19103F-16F7-4668-BE54-9A1E7A4F7556}") = "DataTransformer.Services", "DataTransformer.Services\DataTransformer.Services.csproj", "{2A405C70-3B72-45ED-8A00-C1FF0DEEB9EB}"
EndProject
Project("{FAE04EC0-301F-11D3-BF4B-00C04F79EFBC}") = "DataTransformer.Tests", "DataTransformer.Tests\DataTransformer.Tests.csproj", "{5F7D4930-2E7A-4A1F-8C7E-81A1763C9676}"
EndProject
Global
	GlobalSection(SolutionConfigurationPlatforms) = preSolution
		Debug|Any CPU = Debug|Any CPU
		Release|Any CPU = Release|Any CPU
	EndGlobalSection
	GlobalSection(ProjectConfigurationPlatforms) = postSolution
		{25A5870D-79FC-4A48-8F2A-064E7ED62F04}.Debug|Any CPU.ActiveCfg = Debug|Any CPU
		{25A5870D-79FC-4A48-8F2A-064E7ED62F04}.Debug|Any CPU.Build.0 = Debug|Any CPU
		{25A5870D-79FC-4A48-8F2A-064E7ED62F04}.Release|Any CPU.ActiveCfg = Release|Any CPU
		{25A5870D-79FC-4A48-8F2A-064E7ED62F04}.Release|Any CPU.Build.0 = Release|Any CPU
		{FBE3EEB9-314B-42BD-B22C-2E7B10A5C0E1}.Debug|Any CPU.ActiveCfg = Debug|Any CPU
		{FBE3EEB9-314B-42BD-B22C-2E7B10A5C0E1}.Debug|Any CPU.Build.0 = Debug|Any CPU
		{FBE3EEB9-314B-42BD-B22C-2E7B10A5C0E1}.Release|Any CPU.ActiveCfg = Release|Any CPU
		{FBE3EEB9-314B-42BD-B22C-2E7B10A5C0E1}.Release|Any CPU.Build.0 = Release|Any CPU
		{8C199F85-0865-4B96-9C80-BE60456B791E}.Debug|Any CPU.ActiveCfg = Debug|Any CPU
		{8C199F85-0865-4B96-9C80-BE60456B791E}.Debug|Any CPU.Build.0 = Debug|Any CPU
		{8C199F85-0865-4B96-9C80-BE60456B791E}.Release|Any CPU.ActiveCfg = Release|Any CPU
		{8C199F85-0865-4B96-9C80-BE60456B791E}.Release|Any CPU.Build.0 = Release|Any CPU
		{2A405C70-3B72-45ED-8A00-C1FF0DEEB9EB}.Debug|Any CPU.ActiveCfg = Debug|Any CPU
		{2A405C70-3B72-45ED-8A00-C1FF0DEEB9EB}.Debug|Any CPU.Build.0 = Debug|Any CPU
		{2A405C70-3B72-45ED-8A00-C1FF0DEEB9EB}.Release|Any CPU.ActiveCfg = Release|Any CPU
		{2A405C70-3B72-45ED-8A00-C1FF0DEEB9EB}.Release|Any CPU.Build.0 = Release|Any CPU
		{5F7D4930-2E7A-4A1F-8C7E-81A1763C9676}.Debug|Any CPU.ActiveCfg = Debug|Any CPU
		{5F7D4930-2E7A-4A1F-8C7E-81A1763C9676}.Debug|Any CPU.Build.0 = Debug|Any CPU
		{5F7D4930-2E7A-4A1F-8C7E-81A1763C9676}.Release|Any CPU.ActiveCfg = Release|Any CPU
		{5F7D4930-2E7A-4A1F-8C7E-81A1763C9676}.Release|Any CPU.Build.0 = Release|Any CPU
	EndGlobalSection
	GlobalSection(SolutionProperties) = preSolution
		HideSolutionNode = FALSE
	EndGlobalSection
	GlobalSection(ExtensibilityGlobals) = postSolution
		SolutionGuid = {08DFC74F-4DEC-427B-B349-9F153CFAF3D3}
	EndGlobalSection
EndGlobal
